
Microsoft Visual Studio Solution File, Format Version 12.00
# Visual Studio Version 17
VisualStudioVersion = 17.6.33723.286
MinimumVisualStudioVersion = 10.0.40219.1
Project("{FAE04EC0-301F-11D3-BF4B-00C04F79EFBC}") = "Exercicio01", "Aula01\Exercicio01.csproj", "{58ADC7FF-700B-49AA-8799-040F8988DCF3}"
EndProject
Project("{2150E333-8FDC-42A3-9474-1A3956D46DE8}") = "Aula01", "Aula01", "{2EF7CDCC-1954-452C-8E83-E951E2571B17}"
EndProject
Project("{FAE04EC0-301F-11D3-BF4B-00C04F79EFBC}") = "Exercicio02", "Exercicio02\Exercicio02.csproj", "{FAF8E856-0299-40D4-AF8C-3DF82A8CF110}"
EndProject
Project("{FAE04EC0-301F-11D3-BF4B-00C04F79EFBC}") = "Exercicio03", "Exercicio03\Exercicio03.csproj", "{9C4D20F0-49C7-4230-A2B5-DA2D779A1299}"
EndProject
Project("{FAE04EC0-301F-11D3-BF4B-00C04F79EFBC}") = "Exercicio04", "Exercicio04\Exercicio04.csproj", "{44B2014C-CF17-4EC5-8E33-D5B6962DAB04}"
EndProject
Project("{2150E333-8FDC-42A3-9474-1A3956D46DE8}") = "Aula02", "Aula02", "{8712B97E-46EF-44C9-9A0F-1373939FC740}"
EndProject
Project("{FAE04EC0-301F-11D3-BF4B-00C04F79EFBC}") = "Exercicio02-01", "Exercicio02-01\Exercicio02-01.csproj", "{EEA0C398-5AC2-4F22-97CE-B174985E2E92}"
EndProject
Project("{FAE04EC0-301F-11D3-BF4B-00C04F79EFBC}") = "Exercicio02-02", "Exercicio02-02\Exercicio02-02.csproj", "{340E60AA-D896-444B-9B8E-B0E50906982B}"
EndProject
Project("{FAE04EC0-301F-11D3-BF4B-00C04F79EFBC}") = "Exercicio02-03", "Exercicio02-03\Exercicio02-03.csproj", "{20F51A28-9255-472A-A476-A078FDA87F6B}"
EndProject
Project("{FAE04EC0-301F-11D3-BF4B-00C04F79EFBC}") = "Exercicio02-04", "Exercicio02-04\Exercicio02-04.csproj", "{4E5691A1-EE44-441E-BD47-6D91B70BA4B7}"
EndProject
Project("{2150E333-8FDC-42A3-9474-1A3956D46DE8}") = "Aula03", "Aula03", "{3647A4FF-090A-49CF-8DDE-9301D1E9069F}"
EndProject
Project("{FAE04EC0-301F-11D3-BF4B-00C04F79EFBC}") = "Exercicio03-01", "Exercicio03-01\Exercicio03-01.csproj", "{EFB9767E-BDD7-4584-B82B-0A577FD36078}"
EndProject
Project("{FAE04EC0-301F-11D3-BF4B-00C04F79EFBC}") = "Exercicio03-02", "Exercicio03-02\Exercicio03-02.csproj", "{D3BEFDF5-EDF3-4F16-82D0-E4691AC3B48F}"
EndProject
Project("{FAE04EC0-301F-11D3-BF4B-00C04F79EFBC}") = "Exercicio03-03", "Exercicio03-03\Exercicio03-03.csproj", "{1AECCCC7-AFF4-4168-B73C-29DD018953A3}"
EndProject
Global
	GlobalSection(SolutionConfigurationPlatforms) = preSolution
		Debug|Any CPU = Debug|Any CPU
		Release|Any CPU = Release|Any CPU
	EndGlobalSection
	GlobalSection(ProjectConfigurationPlatforms) = postSolution
		{58ADC7FF-700B-49AA-8799-040F8988DCF3}.Debug|Any CPU.ActiveCfg = Debug|Any CPU
		{58ADC7FF-700B-49AA-8799-040F8988DCF3}.Debug|Any CPU.Build.0 = Debug|Any CPU
		{58ADC7FF-700B-49AA-8799-040F8988DCF3}.Release|Any CPU.ActiveCfg = Release|Any CPU
		{58ADC7FF-700B-49AA-8799-040F8988DCF3}.Release|Any CPU.Build.0 = Release|Any CPU
		{FAF8E856-0299-40D4-AF8C-3DF82A8CF110}.Debug|Any CPU.ActiveCfg = Debug|Any CPU
		{FAF8E856-0299-40D4-AF8C-3DF82A8CF110}.Debug|Any CPU.Build.0 = Debug|Any CPU
		{FAF8E856-0299-40D4-AF8C-3DF82A8CF110}.Release|Any CPU.ActiveCfg = Release|Any CPU
		{FAF8E856-0299-40D4-AF8C-3DF82A8CF110}.Release|Any CPU.Build.0 = Release|Any CPU
		{9C4D20F0-49C7-4230-A2B5-DA2D779A1299}.Debug|Any CPU.ActiveCfg = Debug|Any CPU
		{9C4D20F0-49C7-4230-A2B5-DA2D779A1299}.Debug|Any CPU.Build.0 = Debug|Any CPU
		{9C4D20F0-49C7-4230-A2B5-DA2D779A1299}.Release|Any CPU.ActiveCfg = Release|Any CPU
		{9C4D20F0-49C7-4230-A2B5-DA2D779A1299}.Release|Any CPU.Build.0 = Release|Any CPU
		{44B2014C-CF17-4EC5-8E33-D5B6962DAB04}.Debug|Any CPU.ActiveCfg = Debug|Any CPU
		{44B2014C-CF17-4EC5-8E33-D5B6962DAB04}.Debug|Any CPU.Build.0 = Debug|Any CPU
		{44B2014C-CF17-4EC5-8E33-D5B6962DAB04}.Release|Any CPU.ActiveCfg = Release|Any CPU
		{44B2014C-CF17-4EC5-8E33-D5B6962DAB04}.Release|Any CPU.Build.0 = Release|Any CPU
		{EEA0C398-5AC2-4F22-97CE-B174985E2E92}.Debug|Any CPU.ActiveCfg = Debug|Any CPU
		{EEA0C398-5AC2-4F22-97CE-B174985E2E92}.Debug|Any CPU.Build.0 = Debug|Any CPU
		{EEA0C398-5AC2-4F22-97CE-B174985E2E92}.Release|Any CPU.ActiveCfg = Release|Any CPU
		{EEA0C398-5AC2-4F22-97CE-B174985E2E92}.Release|Any CPU.Build.0 = Release|Any CPU
		{340E60AA-D896-444B-9B8E-B0E50906982B}.Debug|Any CPU.ActiveCfg = Debug|Any CPU
		{340E60AA-D896-444B-9B8E-B0E50906982B}.Debug|Any CPU.Build.0 = Debug|Any CPU
		{340E60AA-D896-444B-9B8E-B0E50906982B}.Release|Any CPU.ActiveCfg = Release|Any CPU
		{340E60AA-D896-444B-9B8E-B0E50906982B}.Release|Any CPU.Build.0 = Release|Any CPU
		{20F51A28-9255-472A-A476-A078FDA87F6B}.Debug|Any CPU.ActiveCfg = Debug|Any CPU
		{20F51A28-9255-472A-A476-A078FDA87F6B}.Debug|Any CPU.Build.0 = Debug|Any CPU
		{20F51A28-9255-472A-A476-A078FDA87F6B}.Release|Any CPU.ActiveCfg = Release|Any CPU
		{20F51A28-9255-472A-A476-A078FDA87F6B}.Release|Any CPU.Build.0 = Release|Any CPU
		{4E5691A1-EE44-441E-BD47-6D91B70BA4B7}.Debug|Any CPU.ActiveCfg = Debug|Any CPU
		{4E5691A1-EE44-441E-BD47-6D91B70BA4B7}.Debug|Any CPU.Build.0 = Debug|Any CPU
		{4E5691A1-EE44-441E-BD47-6D91B70BA4B7}.Release|Any CPU.ActiveCfg = Release|Any CPU
		{4E5691A1-EE44-441E-BD47-6D91B70BA4B7}.Release|Any CPU.Build.0 = Release|Any CPU
		{EFB9767E-BDD7-4584-B82B-0A577FD36078}.Debug|Any CPU.ActiveCfg = Debug|Any CPU
		{EFB9767E-BDD7-4584-B82B-0A577FD36078}.Debug|Any CPU.Build.0 = Debug|Any CPU
		{EFB9767E-BDD7-4584-B82B-0A577FD36078}.Release|Any CPU.ActiveCfg = Release|Any CPU
		{EFB9767E-BDD7-4584-B82B-0A577FD36078}.Release|Any CPU.Build.0 = Release|Any CPU
		{D3BEFDF5-EDF3-4F16-82D0-E4691AC3B48F}.Debug|Any CPU.ActiveCfg = Debug|Any CPU
		{D3BEFDF5-EDF3-4F16-82D0-E4691AC3B48F}.Debug|Any CPU.Build.0 = Debug|Any CPU
		{D3BEFDF5-EDF3-4F16-82D0-E4691AC3B48F}.Release|Any CPU.ActiveCfg = Release|Any CPU
		{D3BEFDF5-EDF3-4F16-82D0-E4691AC3B48F}.Release|Any CPU.Build.0 = Release|Any CPU
		{1AECCCC7-AFF4-4168-B73C-29DD018953A3}.Debug|Any CPU.ActiveCfg = Debug|Any CPU
		{1AECCCC7-AFF4-4168-B73C-29DD018953A3}.Debug|Any CPU.Build.0 = Debug|Any CPU
		{1AECCCC7-AFF4-4168-B73C-29DD018953A3}.Release|Any CPU.ActiveCfg = Release|Any CPU
		{1AECCCC7-AFF4-4168-B73C-29DD018953A3}.Release|Any CPU.Build.0 = Release|Any CPU
	EndGlobalSection
	GlobalSection(SolutionProperties) = preSolution
		HideSolutionNode = FALSE
	EndGlobalSection
	GlobalSection(NestedProjects) = preSolution
		{58ADC7FF-700B-49AA-8799-040F8988DCF3} = {2EF7CDCC-1954-452C-8E83-E951E2571B17}
		{FAF8E856-0299-40D4-AF8C-3DF82A8CF110} = {2EF7CDCC-1954-452C-8E83-E951E2571B17}
		{9C4D20F0-49C7-4230-A2B5-DA2D779A1299} = {2EF7CDCC-1954-452C-8E83-E951E2571B17}
		{44B2014C-CF17-4EC5-8E33-D5B6962DAB04} = {2EF7CDCC-1954-452C-8E83-E951E2571B17}
		{EEA0C398-5AC2-4F22-97CE-B174985E2E92} = {8712B97E-46EF-44C9-9A0F-1373939FC740}
		{340E60AA-D896-444B-9B8E-B0E50906982B} = {8712B97E-46EF-44C9-9A0F-1373939FC740}
		{20F51A28-9255-472A-A476-A078FDA87F6B} = {8712B97E-46EF-44C9-9A0F-1373939FC740}
		{4E5691A1-EE44-441E-BD47-6D91B70BA4B7} = {8712B97E-46EF-44C9-9A0F-1373939FC740}
		{EFB9767E-BDD7-4584-B82B-0A577FD36078} = {3647A4FF-090A-49CF-8DDE-9301D1E9069F}
		{D3BEFDF5-EDF3-4F16-82D0-E4691AC3B48F} = {3647A4FF-090A-49CF-8DDE-9301D1E9069F}
		{1AECCCC7-AFF4-4168-B73C-29DD018953A3} = {3647A4FF-090A-49CF-8DDE-9301D1E9069F}
	EndGlobalSection
	GlobalSection(ExtensibilityGlobals) = postSolution
		SolutionGuid = {336D0B06-B628-4891-8457-86847BDD845C}
	EndGlobalSection
EndGlobal
